{
    "version": 3,
    "terraform_version": "0.11.3",
    "serial": 35,
    "lineage": "8002ad5e-7815-47ff-b0ff-8517f16a6aa6",
    "modules": [
        {
            "path": [
                "root"
            ],
            "outputs": {},
            "resources": {
                "data.aws_vpc.vpc": {
                    "type": "aws_vpc",
                    "depends_on": [],
                    "primary": {
                        "id": "vpc-417c0027",
                        "attributes": {
                            "cidr_block": "10.101.0.0/16",
                            "default": "false",
                            "dhcp_options_id": "dopt-19d9627f",
                            "enable_dns_hostnames": "true",
                            "enable_dns_support": "true",
                            "id": "vpc-417c0027",
                            "instance_tenancy": "default",
                            "state": "available",
                            "tags.%": "4",
                            "tags.Creator": "idralyuk",
                            "tags.Env": "one",
                            "tags.Environment": "one",
                            "tags.Name": "one-vpc"
                        },
                        "meta": {},
                        "tainted": false
                    },
                    "deposed": [],
                    "provider": "provider.aws"
                }
            },
            "depends_on": []
        },
        {
            "path": [
                "root",
                "private"
            ],
            "outputs": {},
            "resources": {
                "aws_cloudwatch_event_rule.this": {
                    "type": "aws_cloudwatch_event_rule",
                    "depends_on": [],
                    "primary": {
                        "id": "ecs-task-state-change",
                        "attributes": {
                            "arn": "arn:aws:events:us-west-2:105667981759:rule/ecs-task-state-change",
                            "description": "Capture ECS task state changes",
                            "event_pattern": "{\"detail-type\":[\"ECS Task State Change\"],\"source\":[\"aws.ecs\"]}",
                            "id": "ecs-task-state-change",
                            "is_enabled": "true",
                            "name": "ecs-task-state-change",
                            "role_arn": "",
                            "schedule_expression": ""
                        },
                        "meta": {},
                        "tainted": false
                    },
                    "deposed": [],
                    "provider": "provider.aws"
                },
                "aws_cloudwatch_event_target.this": {
                    "type": "aws_cloudwatch_event_target",
                    "depends_on": [
                        "aws_cloudwatch_event_rule.this",
                        "aws_lambda_function.this"
                    ],
                    "primary": {
                        "id": "ecs-task-state-change-EcsTaskStateChangeSendToLambda",
                        "attributes": {
                            "arn": "arn:aws:lambda:us-west-2:105667981759:function:service-discovery",
                            "id": "ecs-task-state-change-EcsTaskStateChangeSendToLambda",
                            "input": "",
                            "input_path": "",
                            "role_arn": "",
                            "rule": "ecs-task-state-change",
                            "target_id": "EcsTaskStateChangeSendToLambda"
                        },
                        "meta": {},
                        "tainted": false
                    },
                    "deposed": [],
                    "provider": "provider.aws"
                },
                "aws_cloudwatch_log_group.lambda": {
                    "type": "aws_cloudwatch_log_group",
                    "depends_on": [],
                    "primary": {
                        "id": "/aws/lambda/service-discovery",
                        "attributes": {
                            "arn": "arn:aws:logs:us-west-2:105667981759:log-group:/aws/lambda/service-discovery:*",
                            "id": "/aws/lambda/service-discovery",
                            "kms_key_id": "",
                            "name": "/aws/lambda/service-discovery",
                            "retention_in_days": "14",
                            "tags.%": "3",
                            "tags.Description": "Service Discovery lambda logs",
                            "tags.Environment": "one",
                            "tags.terraform": "true"
                        },
                        "meta": {},
                        "tainted": false
                    },
                    "deposed": [],
                    "provider": "provider.aws"
                },
                "aws_iam_role.iam_for_lambda": {
                    "type": "aws_iam_role",
                    "depends_on": [
                        "data.aws_iam_policy_document.lambda_assume_role"
                    ],
                    "primary": {
                        "id": "service-discovery",
                        "attributes": {
                            "arn": "arn:aws:iam::105667981759:role/lambda/service-discovery",
                            "assume_role_policy": "{\"Version\":\"2012-10-17\",\"Statement\":[{\"Sid\":\"\",\"Effect\":\"Allow\",\"Principal\":{\"Service\":\"lambda.amazonaws.com\"},\"Action\":\"sts:AssumeRole\"}]}",
                            "create_date": "2018-03-20T18:01:08Z",
                            "force_detach_policies": "false",
                            "id": "service-discovery",
                            "name": "service-discovery",
                            "path": "/lambda/",
                            "unique_id": "AROAJQ5VPZKCTE6J6ZYJU"
                        },
                        "meta": {},
                        "tainted": false
                    },
                    "deposed": [],
                    "provider": "provider.aws"
                },
                "aws_iam_role_policy.LambdaPerms": {
                    "type": "aws_iam_role_policy",
                    "depends_on": [
                        "aws_iam_role.iam_for_lambda",
                        "data.aws_iam_policy_document.lambda_perms"
                    ],
                    "primary": {
                        "id": "service-discovery:LambdaSeviceDiscoveryPermissions",
                        "attributes": {
                            "id": "service-discovery:LambdaSeviceDiscoveryPermissions",
                            "name": "LambdaSeviceDiscoveryPermissions",
                            "policy": "{\n  \"Version\": \"2012-10-17\",\n  \"Statement\": [\n    {\n      \"Sid\": \"\",\n      \"Effect\": \"Allow\",\n      \"Action\": [\n        \"servicediscovery:RegisterInstance\",\n        \"servicediscovery:List*\",\n        \"servicediscovery:Get*\",\n        \"servicediscovery:DeregisterInstance\",\n        \"route53:UpdateHealthCheck\",\n        \"route53:ListHostedZonesByName\",\n        \"route53:GetHostedZone\",\n        \"route53:GetHealthCheck\",\n        \"route53:DeleteHealthCheck\",\n        \"route53:CreateHealthCheck\",\n        \"route53:ChangeResourceRecordSets\",\n        \"logs:PutLogEvents\",\n        \"logs:CreateLogStream\",\n        \"logs:CreateLogGroup\",\n        \"ecs:DescribeContainerInstances\",\n        \"ec2:DescribeNetworkInterfaces\",\n        \"ec2:DescribeInstances\",\n        \"ec2:DeleteNetworkInterface\",\n        \"ec2:CreateNetworkInterface\"\n      ],\n      \"Resource\": \"*\"\n    }\n  ]\n}",
                            "role": "service-discovery"
                        },
                        "meta": {},
                        "tainted": false
                    },
                    "deposed": [],
                    "provider": "provider.aws"
                },
                "aws_lambda_alias.this": {
                    "type": "aws_lambda_alias",
                    "depends_on": [
                        "aws_lambda_function.this"
                    ],
                    "primary": {
                        "id": "arn:aws:lambda:us-west-2:105667981759:function:service-discovery:servicediscovery",
                        "attributes": {
                            "arn": "arn:aws:lambda:us-west-2:105667981759:function:service-discovery:servicediscovery",
                            "description": "Latest Service Discovery lambda",
                            "function_name": "service-discovery",
                            "function_version": "29",
                            "id": "arn:aws:lambda:us-west-2:105667981759:function:service-discovery:servicediscovery",
                            "name": "servicediscovery"
                        },
                        "meta": {},
                        "tainted": false
                    },
                    "deposed": [],
                    "provider": "provider.aws"
                },
                "aws_lambda_function.this": {
                    "type": "aws_lambda_function",
                    "depends_on": [
                        "aws_cloudwatch_log_group.lambda",
                        "aws_iam_role.iam_for_lambda",
                        "data.archive_file.lambda"
                    ],
                    "primary": {
                        "id": "service-discovery",
                        "attributes": {
                            "arn": "arn:aws:lambda:us-west-2:105667981759:function:service-discovery",
                            "dead_letter_config.#": "0",
                            "description": "Service Discovery",
                            "environment.#": "0",
                            "filename": "lambda.zip",
                            "function_name": "service-discovery",
                            "handler": "lambda_handler.lambda_handler",
                            "id": "service-discovery",
                            "invoke_arn": "arn:aws:apigateway:us-west-2:lambda:path/2015-03-31/functions/arn:aws:lambda:us-west-2:105667981759:function:service-discovery/invocations",
                            "kms_key_arn": "",
                            "last_modified": "2018-03-21T22:09:11.352+0000",
                            "memory_size": "128",
                            "publish": "true",
                            "qualified_arn": "arn:aws:lambda:us-west-2:105667981759:function:service-discovery:29",
                            "reserved_concurrent_executions": "0",
                            "role": "arn:aws:iam::105667981759:role/lambda/service-discovery",
                            "runtime": "python2.7",
                            "source_code_hash": "aWuFqLGXlJcDfka8nV1CFVUzPlaeI2AFcKhqbu8tmxs=",
                            "tags.%": "2",
                            "tags.Description": "Service Discovery",
                            "tags.terraform": "true",
                            "timeout": "20",
                            "tracing_config.#": "1",
                            "tracing_config.0.mode": "PassThrough",
                            "version": "29",
                            "vpc_config.#": "0"
                        },
                        "meta": {},
                        "tainted": false
                    },
                    "deposed": [],
                    "provider": "provider.aws"
                },
                "aws_lambda_permission.this": {
                    "type": "aws_lambda_permission",
                    "depends_on": [
                        "aws_cloudwatch_event_rule.this",
                        "aws_lambda_alias.this",
                        "aws_lambda_function.this"
                    ],
                    "primary": {
                        "id": "AllowExecutionFromCloudWatch",
                        "attributes": {
                            "action": "lambda:InvokeFunction",
                            "function_name": "service-discovery",
                            "id": "AllowExecutionFromCloudWatch",
                            "principal": "events.amazonaws.com",
                            "qualifier": "servicediscovery",
                            "source_arn": "arn:aws:events:us-west-2:105667981759:rule/ecs-task-state-change",
                            "statement_id": "AllowExecutionFromCloudWatch"
                        },
                        "meta": {},
                        "tainted": false
                    },
                    "deposed": [],
                    "provider": "provider.aws"
                },
                "aws_service_discovery_private_dns_namespace.this": {
                    "type": "aws_service_discovery_private_dns_namespace",
                    "depends_on": [
                        "module.enable_public_namespace",
                        "module.enabled"
                    ],
                    "primary": {
                        "id": "ns-ysfdn3ixlfy3thsk",
                        "attributes": {
                            "arn": "arn:aws:servicediscovery:us-west-2:105667981759:namespace/ns-ysfdn3ixlfy3thsk",
                            "description": "Service Discovery",
                            "hosted_zone": "Z1G4ZC0WTKHKH3",
                            "id": "ns-ysfdn3ixlfy3thsk",
                            "name": "private.test.local",
                            "vpc": "vpc-417c0027"
                        },
                        "meta": {},
                        "tainted": false
                    },
                    "deposed": [],
                    "provider": "provider.aws"
                },
                "data.archive_file.lambda": {
                    "type": "archive_file",
                    "depends_on": [],
                    "primary": {
                        "id": "0186badf70e1700ad4e53eeb7bcbb1d353982e50",
                        "attributes": {
                            "id": "0186badf70e1700ad4e53eeb7bcbb1d353982e50",
                            "output_base64sha256": "aWuFqLGXlJcDfka8nV1CFVUzPlaeI2AFcKhqbu8tmxs=",
                            "output_md5": "24b9a78759f6915f8832f8418bd1f5ed",
                            "output_path": "lambda.zip",
                            "output_sha": "0186badf70e1700ad4e53eeb7bcbb1d353982e50",
                            "output_size": "3774",
                            "source.#": "0",
                            "source_dir": "/Users/stevennemetz/Documents/Projects/github/devops-workflow/terraform-aws-service-discovery/examples/private/.terraform/modules/48eaf81666a1e5fd988f424513b13cbb/src/",
                            "type": "zip"
                        },
                        "meta": {},
                        "tainted": false
                    },
                    "deposed": [],
                    "provider": "provider.archive"
                },
                "data.aws_iam_policy_document.lambda_assume_role": {
                    "type": "aws_iam_policy_document",
                    "depends_on": [],
                    "primary": {
                        "id": "3693445097",
                        "attributes": {
                            "id": "3693445097",
                            "json": "{\n  \"Version\": \"2012-10-17\",\n  \"Statement\": [\n    {\n      \"Sid\": \"\",\n      \"Effect\": \"Allow\",\n      \"Action\": \"sts:AssumeRole\",\n      \"Principal\": {\n        \"Service\": \"lambda.amazonaws.com\"\n      }\n    }\n  ]\n}",
                            "statement.#": "1",
                            "statement.0.actions.#": "1",
                            "statement.0.actions.2528466339": "sts:AssumeRole",
                            "statement.0.condition.#": "0",
                            "statement.0.effect": "Allow",
                            "statement.0.not_actions.#": "0",
                            "statement.0.not_principals.#": "0",
                            "statement.0.not_resources.#": "0",
                            "statement.0.principals.#": "1",
                            "statement.0.principals.3118762561.identifiers.#": "1",
                            "statement.0.principals.3118762561.identifiers.2638019528": "lambda.amazonaws.com",
                            "statement.0.principals.3118762561.type": "Service",
                            "statement.0.resources.#": "0",
                            "statement.0.sid": ""
                        },
                        "meta": {},
                        "tainted": false
                    },
                    "deposed": [],
                    "provider": "provider.aws"
                },
                "data.aws_iam_policy_document.lambda_perms": {
                    "type": "aws_iam_policy_document",
                    "depends_on": [],
                    "primary": {
                        "id": "142289723",
                        "attributes": {
                            "id": "142289723",
                            "json": "{\n  \"Version\": \"2012-10-17\",\n  \"Statement\": [\n    {\n      \"Sid\": \"\",\n      \"Effect\": \"Allow\",\n      \"Action\": [\n        \"servicediscovery:RegisterInstance\",\n        \"servicediscovery:List*\",\n        \"servicediscovery:Get*\",\n        \"servicediscovery:DeregisterInstance\",\n        \"route53:UpdateHealthCheck\",\n        \"route53:ListHostedZonesByName\",\n        \"route53:GetHostedZone\",\n        \"route53:GetHealthCheck\",\n        \"route53:DeleteHealthCheck\",\n        \"route53:CreateHealthCheck\",\n        \"route53:ChangeResourceRecordSets\",\n        \"logs:PutLogEvents\",\n        \"logs:CreateLogStream\",\n        \"logs:CreateLogGroup\",\n        \"ecs:DescribeContainerInstances\",\n        \"ec2:DescribeNetworkInterfaces\",\n        \"ec2:DescribeInstances\",\n        \"ec2:DeleteNetworkInterface\",\n        \"ec2:CreateNetworkInterface\"\n      ],\n      \"Resource\": \"*\"\n    }\n  ]\n}",
                            "statement.#": "1",
                            "statement.0.actions.#": "19",
                            "statement.0.actions.1292264719": "servicediscovery:List*",
                            "statement.0.actions.1333784953": "route53:ChangeResourceRecordSets",
                            "statement.0.actions.1403095074": "route53:ListHostedZonesByName",
                            "statement.0.actions.1418598712": "route53:CreateHealthCheck",
                            "statement.0.actions.1747056005": "ecs:DescribeContainerInstances",
                            "statement.0.actions.2012428502": "ec2:DeleteNetworkInterface",
                            "statement.0.actions.2280277948": "route53:GetHostedZone",
                            "statement.0.actions.235272435": "route53:UpdateHealthCheck",
                            "statement.0.actions.2570913169": "servicediscovery:RegisterInstance",
                            "statement.0.actions.2763018918": "servicediscovery:DeregisterInstance",
                            "statement.0.actions.2809485102": "logs:CreateLogGroup",
                            "statement.0.actions.3285979848": "logs:CreateLogStream",
                            "statement.0.actions.342836633": "ec2:DescribeNetworkInterfaces",
                            "statement.0.actions.3450859385": "servicediscovery:Get*",
                            "statement.0.actions.3466923763": "ec2:DescribeInstances",
                            "statement.0.actions.3580141015": "route53:DeleteHealthCheck",
                            "statement.0.actions.39743051": "logs:PutLogEvents",
                            "statement.0.actions.4291463188": "route53:GetHealthCheck",
                            "statement.0.actions.966899144": "ec2:CreateNetworkInterface",
                            "statement.0.condition.#": "0",
                            "statement.0.effect": "Allow",
                            "statement.0.not_actions.#": "0",
                            "statement.0.not_principals.#": "0",
                            "statement.0.not_resources.#": "0",
                            "statement.0.principals.#": "0",
                            "statement.0.resources.#": "1",
                            "statement.0.resources.2679715827": "*",
                            "statement.0.sid": ""
                        },
                        "meta": {},
                        "tainted": false
                    },
                    "deposed": [],
                    "provider": "provider.aws"
                }
            },
            "depends_on": []
        },
        {
            "path": [
                "root",
                "private",
                "enable_public_namespace"
            ],
            "outputs": {
                "value": {
                    "sensitive": false,
                    "type": "string",
                    "value": "0"
                }
            },
            "resources": {},
            "depends_on": []
        },
        {
            "path": [
                "root",
                "private",
                "enabled"
            ],
            "outputs": {
                "value": {
                    "sensitive": false,
                    "type": "string",
                    "value": "1"
                }
            },
            "resources": {},
            "depends_on": []
        }
    ]
}
